
Microsoft Visual Studio Solution File, Format Version 11.00
# Visual Studio 2010
Project("{8BC9CEB8-8B4A-11D0-8D11-00A0C91BC942}") = "mydlg1", "mydlg1\mydlg1.vcxproj", "{3E2A7EFD-8F68-4EA1-B29D-8DFA10F84251}"
EndProject
Global
	GlobalSection(SolutionConfigurationPlatforms) = preSolution
		Debug|Win32 = Debug|Win32
		Release|Win32 = Release|Win32
	EndGlobalSection
	GlobalSection(ProjectConfigurationPlatforms) = postSolution
		{3E2A7EFD-8F68-4EA1-B29D-8DFA10F84251}.Debug|Win32.ActiveCfg = Debug|Win32
		{3E2A7EFD-8F68-4EA1-B29D-8DFA10F84251}.Debug|Win32.Build.0 = Debug|Win32
		{3E2A7EFD-8F68-4EA1-B29D-8DFA10F84251}.Release|Win32.ActiveCfg = Release|Win32
		{3E2A7EFD-8F68-4EA1-B29D-8DFA10F84251}.Release|Win32.Build.0 = Release|Win32
	EndGlobalSection
	GlobalSection(SolutionProperties) = preSolution
		HideSolutionNode = FALSE
	EndGlobalSection
EndGlobal
